
Microsoft Visual Studio Solution File, Format Version 12.00
# Visual Studio Version 16
VisualStudioVersion = 16.0.30717.126
MinimumVisualStudioVersion = 10.0.40219.1
Project("{FAE04EC0-301F-11D3-BF4B-00C04F79EFBC}") = "Library", "Final4453\Library.csproj", "{C208CD27-6A86-4713-AE73-E28151EC1D3B}"
EndProject
Global
	GlobalSection(SolutionConfigurationPlatforms) = preSolution
		Debug|Any CPU = Debug|Any CPU
		Release|Any CPU = Release|Any CPU
	EndGlobalSection
	GlobalSection(ProjectConfigurationPlatforms) = postSolution
		{C208CD27-6A86-4713-AE73-E28151EC1D3B}.Debug|Any CPU.ActiveCfg = Debug|Any CPU
		{C208CD27-6A86-4713-AE73-E28151EC1D3B}.Debug|Any CPU.Build.0 = Debug|Any CPU
		{C208CD27-6A86-4713-AE73-E28151EC1D3B}.Release|Any CPU.ActiveCfg = Release|Any CPU
		{C208CD27-6A86-4713-AE73-E28151EC1D3B}.Release|Any CPU.Build.0 = Release|Any CPU
	EndGlobalSection
	GlobalSection(SolutionProperties) = preSolution
		HideSolutionNode = FALSE
	EndGlobalSection
	GlobalSection(ExtensibilityGlobals) = postSolution
		SolutionGuid = {E8F97C11-4F18-4DF8-886B-ECA784014C0E}
	EndGlobalSection
EndGlobal
